github.com/boombuler/barcode v1.0.0/go.mod h1:paBWMcWSl3LHKBqUq+rly7CNSldXjb2rDl3JlRe0mD8=
github.com/boombuler/barcode v1.0.1 h1:NDBbPmhS+EqABEs5Kg3n/5ZNjy73Pz7SIV+KCeqyXcs=
github.com/boombuler/barcode v1.0.1/go.mod h1:paBWMcWSl3LHKBqUq+rly7CNSldXjb2rDl3JlRe0mD8=
github.com/davecgh/go-spew v1.1.0/go.mod h1:J7Y8YcW2NihsgmVo/mv3lAwl/skON4iLHjSsI+c5H38=
github.com/davecgh/go-spew v1.1.1 h1:vj9j/u1bqnvCEfJOwUhtlOARqs3+rkHYY13jYWTU97c=
github.com/davecgh/go-spew v1.1.1/go.mod h1:J7Y8YcW2NihsgmVo/mv3lAwl/skON4iLHjSsI+c5H38=
github.com/f-amaral/go-async v0.3.0 h1:h4kLsX7aKfdWaHvV0lf+/EE3OIeCzyeDYJDb/vDZUyg=
github.com/f-amaral/go-async v0.3.0/go.mod h1:Hz5Qr6DAWpbTTUjytnrg1WIsDgS7NtOei5y8SipYS7U=
github.com/gocarina/gocsv v0.0.0-20240520201108-78e41c74b4b1 h1:FWNFq4fM1wPfcK40yHE5UO3RUdSNPaBC+j3PokzA6OQ=
github.com/gocarina/gocsv v0.0.0-20240520201108-78e41c74b4b1/go.mod h1:5YoVOkjYAQumqlV356Hj3xeYh4BdZuLE0/nRkf2NKkI=
github.com/google/uuid v1.5.0 h1:1p67kYwdtXjb0gL0BPiP1Av9wiZPo5A8z2cWkTZ+eyU=
github.com/google/uuid v1.5.0/go.mod h1:TIyPZe4MgqvfeYDBFedMoGGpEw/LqOeaOT+nhxU+yHo=
github.com/hhrutter/lzw v1.0.0 h1:laL89Llp86W3rRs83LvKbwYRx6INE8gDn0XNb1oXtm0=
github.com/hhrutter/lzw v1.0.0/go.mod h1:2HC6DJSn/n6iAZfgM3Pg+cP1KxeWc3ezG8bBqW5+WEo=
github.com/hhrutter/tiff v1.0.1 h1:MIus8caHU5U6823gx7C6jrfoEvfSTGtEFRiM8/LOzC0=
github.com/hhrutter/tiff v1.0.1/go.mod h1:zU/dNgDm0cMIa8y8YwcYBeuEEveI4B0owqHyiPpJPHc=
github.com/johnfercher/go-tree v1.0.5 h1:zpgVhJsChavzhKdxhQiCJJzcSY3VCT9oal2JoA2ZevY=
github.com/johnfercher/go-tree v1.0.5/go.mod h1:DUO6QkXIFh1K7jeGBIkLCZaeUgnkdQAsB64FDSoHswg=
github.com/johnfercher/maroto/v2 v2.3.1-chart11 h1:3JtnX77r5mKaA75GjD1D5jGfvmr+CQzfBKHngdhT6gQ=
github.com/johnfercher/maroto/v2 v2.3.1-chart11/go.mod h1:/LfW6AQGZzsG6xUixcfyxkKztDoszdwC+G2jNRl8bss=
github.com/johnfercher/maroto/v2 v2.3.1-chart12 h1:EeRHi33y8cRD9B8e+KeM1Y9hVAv3LQ/1zbikWtoWhGc=
github.com/johnfercher/maroto/v2 v2.3.1-chart12/go.mod h1:/LfW6AQGZzsG6xUixcfyxkKztDoszdwC+G2jNRl8bss=
github.com/johnfercher/maroto/v2 v2.3.1-chart13 h1:W7dOPZnOMsiiqmEPnEBi0rQImdM95054ZcA7S/cL280=
github.com/johnfercher/maroto/v2 v2.3.1-chart13/go.mod h1:/LfW6AQGZzsG6xUixcfyxkKztDoszdwC+G2jNRl8bss=
github.com/johnfercher/maroto/v2 v2.3.1-chart14 h1:fOU57HIpXVTRFT8QHPk81K62VVymdBduRhmk0751pWE=
github.com/johnfercher/maroto/v2 v2.3.1-chart14/go.mod h1:/LfW6AQGZzsG6xUixcfyxkKztDoszdwC+G2jNRl8bss=
github.com/johnfercher/maroto/v2 v2.3.1-chart15 h1:X7Q4t4k4QLewfjUCz0oeUv6MUl8iKnCRBDgSedWjuAg=
github.com/johnfercher/maroto/v2 v2.3.1-chart15/go.mod h1:/LfW6AQGZzsG6xUixcfyxkKztDoszdwC+G2jNRl8bss=
github.com/johnfercher/maroto/v2 v2.3.1-chart16 h1:qe4pEyAb8t9X1nXv17lZRXsNRlU4EvrYg5ZuhGKr4q4=
github.com/johnfercher/maroto/v2 v2.3.1-chart16/go.mod h1:/LfW6AQGZzsG6xUixcfyxkKztDoszdwC+G2jNRl8bss=
github.com/johnfercher/maroto/v2 v2.3.1-chart17 h1:R1P5F4/qIXvzMeGAnxoE1h4HxVYEe/BcgnV0uise52E=
github.com/johnfercher/maroto/v2 v2.3.1-chart17/go.mod h1:/LfW6AQGZzsG6xUixcfyxkKztDoszdwC+G2jNRl8bss=
github.com/johnfercher/maroto/v2 v2.3.1-chart18 h1:KO99vt+6suKkRxsKd/pH9e+AHcl5wJn1QA1eapbCXZI=
github.com/johnfercher/maroto/v2 v2.3.1-chart18/go.mod h1:/LfW6AQGZzsG6xUixcfyxkKztDoszdwC+G2jNRl8bss=
github.com/johnfercher/maroto/v2 v2.3.1-chart19 h1:yGbn6QPCleT6FurJKyQUBl5lOdtpJooDYGD42A8Ht38=
github.com/johnfercher/maroto/v2 v2.3.1-chart19/go.mod h1:/LfW6AQGZzsG6xUixcfyxkKztDoszdwC+G2jNRl8bss=
github.com/johnfercher/maroto/v2 v2.3.1-chart7 h1:mWDJjV4/riA5swfNyM0TOp5E9tMXlo/bkGCIIj8fd00=
github.com/johnfercher/maroto/v2 v2.3.1-chart7/go.mod h1:/LfW6AQGZzsG6xUixcfyxkKztDoszdwC+G2jNRl8bss=
github.com/johnfercher/maroto/v2 v2.3.1-chart8 h1:N9Qs95ic/kwb8fOQ2Llp03c4dL9ZcYXIPVov6GE15HQ=
github.com/johnfercher/maroto/v2 v2.3.1-chart8/go.mod h1:/LfW6AQGZzsG6xUixcfyxkKztDoszdwC+G2jNRl8bss=
github.com/johnfercher/maroto/v2 v2.3.1-chart9 h1:mpCwyXByWHESPWj94iMU4V60zQsG1OubP8N2iQPSXoQ=
github.com/johnfercher/maroto/v2 v2.3.1-chart9/go.mod h1:/LfW6AQGZzsG6xUixcfyxkKztDoszdwC+G2jNRl8bss=
github.com/jung-kurt/gofpdf v1.0.0/go.mod h1:7Id9E/uU8ce6rXgefFLlgrJj/GYY22cpxn+r32jIOes=
github.com/jung-kurt/gofpdf v1.16.2 h1:jgbatWHfRlPYiK85qgevsZTHviWXKwB1TTiKdz5PtRc=
github.com/jung-kurt/gofpdf v1.16.2/go.mod h1:1hl7y57EsiPAkLbOwzpzqgx1A30nQCk/YmFV8S2vmK0=
github.com/mattn/go-runewidth v0.0.15 h1:UNAjwbU9l54TA3KzvqLGxwWjHmMgBUVhBiTjelZgg3U=
github.com/mattn/go-runewidth v0.0.15/go.mod h1:Jdepj2loyihRzMpdS35Xk/zdY8IAYHsh153qUoGf23w=
github.com/pdfcpu/pdfcpu v0.6.0 h1:z4kARP5bcWa39TTYMcN/kjBnm7MvhTWjXgeYmkdAGMI=
github.com/pdfcpu/pdfcpu v0.6.0/go.mod h1:kmpD0rk8YnZj0l3qSeGBlAB+XszHUgNv//ORH/E7EYo=
github.com/phpdave11/gofpdi v1.0.7/go.mod h1:vBmVV0Do6hSBHC8uKUQ71JGW+ZGQq74llk/7bXwjDoI=
github.com/pkg/errors v0.8.1/go.mod h1:bwawxfHBFNV+L2hUp1rHADufV3IMtnDRdf1r5NINEl0=
github.com/pkg/errors v0.9.1 h1:FEBLx1zS214owpjy7qsBeixbURkuhQAwrK5UwLGTwt4=
github.com/pkg/errors v0.9.1/go.mod h1:bwawxfHBFNV+L2hUp1rHADufV3IMtnDRdf1r5NINEl0=
github.com/pmezard/go-difflib v1.0.0 h1:4DBwDE0NGyQoBHbLQYPwSUPoCMWR5BEzIk/f1lZbAQM=
github.com/pmezard/go-difflib v1.0.0/go.mod h1:iKH77koFhYxTK1pcRnkKkqfTogsbg7gZNVY4sRDYZ/4=
github.com/rivo/uniseg v0.2.0/go.mod h1:J6wj4VEh+S6ZtnVlnTBMWIodfgj8LQOQFoIToxlJtxc=
github.com/rivo/uniseg v0.4.4 h1:8TfxU8dW6PdqD27gjM8MVNuicgxIjxpm4K7x4jp8sis=
github.com/rivo/uniseg v0.4.4/go.mod h1:FN3SvrM+Zdj16jyLfmOkMNblXMcoc8DfTHruCPUcx88=
github.com/ruudk/golang-pdf417 v0.0.0-20181029194003-1af4ab5afa58/go.mod h1:6lfFZQK844Gfx8o5WFuvpxWRwnSoipWe/p622j1v06w=
github.com/stretchr/objx v0.5.2 h1:xuMeJ0Sdp5ZMRXx/aWO6RZxdr3beISkG5/G/aIRr3pY=
github.com/stretchr/objx v0.5.2/go.mod h1:FRsXN1f5AsAjCGJKqEizvkpNtU+EGNCLh3NxZ/8L+MA=
github.com/stretchr/testify v1.2.2/go.mod h1:a8OnRcib4nhh0OaRAV+Yts87kKdq0PP7pXfy6kDkUVs=
github.com/stretchr/testify v1.10.0 h1:Xv5erBjTwe/5IxqUQTdXv5kgmIvbHo3QQyRwhJsOfJA=
github.com/stretchr/testify v1.10.0/go.mod h1:r2ic/lqez/lEtzL7wO/rwa5dbSLXVDPFyf8C91i36aY=
gocv.io/x/gocv v0.40.0 h1:kGBu/UVj+dO6A9dhQmGOnCICSL7ke7b5YtX3R3azdXI=
gocv.io/x/gocv v0.40.0/go.mod h1:zYdWMj29WAEznM3Y8NsU3A0TRq/wR/cy75jeUypThqU=
golang.org/x/exp v0.0.0-20250207012021-f9890c6ad9f3 h1:qNgPs5exUA+G0C96DrPwNrvLSj7GT/9D+3WMWUcUg34=
golang.org/x/exp v0.0.0-20250207012021-f9890c6ad9f3/go.mod h1:tujkw807nyEEAamNbDrEGzRav+ilXA7PCRAd6xsmwiU=
golang.org/x/image v0.0.0-20190910094157-69e4b8554b2a/go.mod h1:FeLwcggjj3mMvU+oOTbSwawSJRM1uh48EjtB4UJZlP0=
golang.org/x/image v0.24.0 h1:AN7zRgVsbvmTfNyqIbbOraYL8mSwcKncEj8ofjgzcMQ=
golang.org/x/image v0.24.0/go.mod h1:4b/ITuLfqYq1hqZcjofwctIhi7sZh2WaCjvsBNjjya8=
golang.org/x/text v0.3.0/go.mod h1:NqM8EUOU14njkJ3fqMW+pc6Ldnwhi/IjpwHt7yyuwOQ=
golang.org/x/text v0.22.0 h1:bofq7m3/HAFvbF51jz3Q9wLg3jkvSPuiZu/pD1XwgtM=
golang.org/x/text v0.22.0/go.mod h1:YRoo4H8PVmsu+E3Ou7cqLVH8oXWIHVoX0jqUWALQhfY=
gonum.org/v1/gonum v0.15.1 h1:FNy7N6OUZVUaWG9pTiD+jlhdQ3lMP+/LcTpJ6+a8sQ0=
gonum.org/v1/gonum v0.15.1/go.mod h1:eZTZuRFrzu5pcyjN5wJhcIhnUdNijYxX1T2IcrOGY0o=
gopkg.in/check.v1 v0.0.0-20161208181325-20d25e280405 h1:yhCVgyC4o1eVCa2tZl7eS0r+SDo693bJlVdllGtEeKM=
gopkg.in/check.v1 v0.0.0-20161208181325-20d25e280405/go.mod h1:Co6ibVJAznAaIkqp8huTwlJQCZ016jof/cbN4VW5Yz0=
gopkg.in/yaml.v2 v2.4.0 h1:D8xgwECY7CYvx+Y2n4sBz93Jn9JRvxdiyyo8CTfuKaY=
gopkg.in/yaml.v2 v2.4.0/go.mod h1:RDklbk79AGWmwhnvt/jBztapEOGDOx6ZbXqjP6csGnQ=
gopkg.in/yaml.v3 v3.0.1 h1:fxVm/GzAzEWqLHuvctI91KS9hhNmmWOoWu0XTYJS7CA=
gopkg.in/yaml.v3 v3.0.1/go.mod h1:K4uyk7z7BCEPqu6E+C64Yfv1cQ7kz7rIZviUmN+EgEM=
